
Microsoft Visual Studio Solution File, Format Version 12.00
# Visual Studio Version 17
VisualStudioVersion = 17.0.32126.317
MinimumVisualStudioVersion = 10.0.40219.1
Project("{9A19103F-16F7-4668-BE54-9A1E7A4F7556}") = "Signer", "Signer\Signer.csproj", "{3DA2D045-CF3E-4165-98BE-9BAE9B37FF5D}"
EndProject
Project("{9A19103F-16F7-4668-BE54-9A1E7A4F7556}") = "Signer.Tests", "Signer.Tests\Signer.Tests.csproj", "{77708357-20A0-497C-8B70-D9569E7C0BB6}"
EndProject
Project("{9A19103F-16F7-4668-BE54-9A1E7A4F7556}") = "AuthenticodeExaminer", "AuthenticodeExaminer\AuthenticodeExaminer.csproj", "{0D809F28-E280-4177-9C80-E66F3221419E}"
EndProject
Project("{9A19103F-16F7-4668-BE54-9A1E7A4F7556}") = "AuthenticodeExaminer.Tests", "AuthenticodeExaminer.Tests\AuthenticodeExaminer.Tests.csproj", "{1CEB73C3-6BF5-4568-9FC3-FCE522F99147}"
EndProject
Global
	GlobalSection(SolutionConfigurationPlatforms) = preSolution
		Debug|Any CPU = Debug|Any CPU
		Release|Any CPU = Release|Any CPU
	EndGlobalSection
	GlobalSection(ProjectConfigurationPlatforms) = postSolution
		{3DA2D045-CF3E-4165-98BE-9BAE9B37FF5D}.Debug|Any CPU.ActiveCfg = Debug|Any CPU
		{3DA2D045-CF3E-4165-98BE-9BAE9B37FF5D}.Debug|Any CPU.Build.0 = Debug|Any CPU
		{3DA2D045-CF3E-4165-98BE-9BAE9B37FF5D}.Release|Any CPU.ActiveCfg = Release|Any CPU
		{3DA2D045-CF3E-4165-98BE-9BAE9B37FF5D}.Release|Any CPU.Build.0 = Release|Any CPU
		{77708357-20A0-497C-8B70-D9569E7C0BB6}.Debug|Any CPU.ActiveCfg = Debug|Any CPU
		{77708357-20A0-497C-8B70-D9569E7C0BB6}.Debug|Any CPU.Build.0 = Debug|Any CPU
		{77708357-20A0-497C-8B70-D9569E7C0BB6}.Release|Any CPU.ActiveCfg = Release|Any CPU
		{77708357-20A0-497C-8B70-D9569E7C0BB6}.Release|Any CPU.Build.0 = Release|Any CPU
		{0D809F28-E280-4177-9C80-E66F3221419E}.Debug|Any CPU.ActiveCfg = Debug|Any CPU
		{0D809F28-E280-4177-9C80-E66F3221419E}.Debug|Any CPU.Build.0 = Debug|Any CPU
		{0D809F28-E280-4177-9C80-E66F3221419E}.Release|Any CPU.ActiveCfg = Release|Any CPU
		{0D809F28-E280-4177-9C80-E66F3221419E}.Release|Any CPU.Build.0 = Release|Any CPU
		{1CEB73C3-6BF5-4568-9FC3-FCE522F99147}.Debug|Any CPU.ActiveCfg = Debug|Any CPU
		{1CEB73C3-6BF5-4568-9FC3-FCE522F99147}.Debug|Any CPU.Build.0 = Debug|Any CPU
		{1CEB73C3-6BF5-4568-9FC3-FCE522F99147}.Release|Any CPU.ActiveCfg = Release|Any CPU
		{1CEB73C3-6BF5-4568-9FC3-FCE522F99147}.Release|Any CPU.Build.0 = Release|Any CPU
	EndGlobalSection
	GlobalSection(SolutionProperties) = preSolution
		HideSolutionNode = FALSE
	EndGlobalSection
	GlobalSection(ExtensibilityGlobals) = postSolution
		SolutionGuid = {583233E1-8145-4AB5-8DBA-478582A7E17C}
	EndGlobalSection
EndGlobal
